// !$*UTF8*$!
{
	archiveVersion = 1;
	classes = {
	};
	objectVersion = 77;
	objects = {

/* Begin PBXContainerItemProxy section */
		C2AB5FA92D2B1D10002AB6B5 /* PBXContainerItemProxy */ = {
			isa = PBXContainerItemProxy;
			containerPortal = C2AB5F8B2D2B1D0F002AB6B5 /* Project object */;
			proxyType = 1;
			remoteGlobalIDString = C2AB5F922D2B1D0F002AB6B5;
			remoteInfo = SilentCircle;
		};
		C2AB5FB32D2B1D10002AB6B5 /* PBXContainerItemProxy */ = {
			isa = PBXContainerItemProxy;
			containerPortal = C2AB5F8B2D2B1D0F002AB6B5 /* Project object */;
			proxyType = 1;
			remoteGlobalIDString = C2AB5F922D2B1D0F002AB6B5;
			remoteInfo = SilentCircle;
		};
/* End PBXContainerItemProxy section */

/* Begin PBXFileReference section */
		C2AB5F932D2B1D0F002AB6B5 /* SilentCircle.app */ = {isa = PBXFileReference; explicitFileType = wrapper.application; includeInIndex = 0; path = SilentCircle.app; sourceTree = BUILT_PRODUCTS_DIR; };
		C2AB5FA82D2B1D10002AB6B5 /* SilentCircleTests.xctest */ = {isa = PBXFileReference; explicitFileType = wrapper.cfbundle; includeInIndex = 0; path = SilentCircleTests.xctest; sourceTree = BUILT_PRODUCTS_DIR; };
		C2AB5FB22D2B1D10002AB6B5 /* SilentCircleUITests.xctest */ = {isa = PBXFileReference; explicitFileType = wrapper.cfbundle; includeInIndex = 0; path = SilentCircleUITests.xctest; sourceTree = BUILT_PRODUCTS_DIR; };
/* End PBXFileReference section */

/* Begin PBXFileSystemSynchronizedRootGroup section */
		C2AB5F952D2B1D0F002AB6B5 /* SilentCircle */ = {
			isa = PBXFileSystemSynchronizedRootGroup;
			path = SilentCircle;
			sourceTree = "<group>";
		};
		C2AB5FAB2D2B1D10002AB6B5 /* SilentCircleTests */ = {
			isa = PBXFileSystemSynchronizedRootGroup;
			path = SilentCircleTests;
			sourceTree = "<group>";
		};
		C2AB5FB52D2B1D10002AB6B5 /* SilentCircleUITests */ = {
			isa = PBXFileSystemSynchronizedRootGroup;
			path = SilentCircleUITests;
			sourceTree = "<group>";
		};
/* End PBXFileSystemSynchronizedRootGroup section */

/* Begin PBXFrameworksBuildPhase section */
		C2AB5F902D2B1D0F002AB6B5 /* Frameworks */ = {
			isa = PBXFrameworksBuildPhase;
			buildActionMask = 2147483647;
			files = (
			);
			runOnlyForDeploymentPostprocessing = 0;
		};
		C2AB5FA52D2B1D10002AB6B5 /* Frameworks */ = {
			isa = PBXFrameworksBuildPhase;
			buildActionMask = 2147483647;
			files = (
			);
			runOnlyForDeploymentPostprocessing = 0;
		};
		C2AB5FAF2D2B1D10002AB6B5 /* Frameworks */ = {
			isa = PBXFrameworksBuildPhase;
			buildActionMask = 2147483647;
			files = (
			);
			runOnlyForDeploymentPostprocessing = 0;
		};
/* End PBXFrameworksBuildPhase section */

/* Begin PBXGroup section */
		C2AB5F8A2D2B1D0F002AB6B5 = {
			isa = PBXGroup;
			children = (
				C2AB5F952D2B1D0F002AB6B5 /* SilentCircle */,
				C2AB5FAB2D2B1D10002AB6B5 /* SilentCircleTests */,
				C2AB5FB52D2B1D10002AB6B5 /* SilentCircleUITests */,
				C2AB5F942D2B1D0F002AB6B5 /* Products */,
			);
			sourceTree = "<group>";
		};
		C2AB5F942D2B1D0F002AB6B5 /* Products */ = {
			isa = PBXGroup;
			children = (
				C2AB5F932D2B1D0F002AB6B5 /* SilentCircle.app */,
				C2AB5FA82D2B1D10002AB6B5 /* SilentCircleTests.xctest */,
				C2AB5FB22D2B1D10002AB6B5 /* SilentCircleUITests.xctest */,
			);
			name = Products;
			sourceTree = "<group>";
		};
/* End PBXGroup section */

/* Begin PBXNativeTarget section */
		C2AB5F922D2B1D0F002AB6B5 /* SilentCircle */ = {
			isa = PBXNativeTarget;
			buildConfigurationList = C2AB5FBC2D2B1D10002AB6B5 /* Build configuration list for PBXNativeTarget "SilentCircle" */;
			buildPhases = (
				C2AB5F8F2D2B1D0F002AB6B5 /* Sources */,
				C2AB5F902D2B1D0F002AB6B5 /* Frameworks */,
				C2AB5F912D2B1D0F002AB6B5 /* Resources */,
			);
			buildRules = (
			);
			dependencies = (
			);
			fileSystemSynchronizedGroups = (
				C2AB5F952D2B1D0F002AB6B5 /* SilentCircle */,
			);
			name = SilentCircle;
			packageProductDependencies = (
			);
			productName = SilentCircle;
			productReference = C2AB5F932D2B1D0F002AB6B5 /* SilentCircle.app */;
			productType = "com.apple.product-type.application";
		};
		C2AB5FA72D2B1D10002AB6B5 /* SilentCircleTests */ = {
			isa = PBXNativeTarget;
			buildConfigurationList = C2AB5FBF2D2B1D10002AB6B5 /* Build configuration list for PBXNativeTarget "SilentCircleTests" */;
			buildPhases = (
				C2AB5FA42D2B1D10002AB6B5 /* Sources */,
				C2AB5FA52D2B1D10002AB6B5 /* Frameworks */,
				C2AB5FA62D2B1D10002AB6B5 /* Resources */,
			);
			buildRules = (
			);
			dependencies = (
				C2AB5FAA2D2B1D10002AB6B5 /* PBXTargetDependency */,
			);
			fileSystemSynchronizedGroups = (
				C2AB5FAB2D2B1D10002AB6B5 /* SilentCircleTests */,
			);
			name = SilentCircleTests;
			packageProductDependencies = (
			);
			productName = SilentCircleTests;
			productReference = C2AB5FA82D2B1D10002AB6B5 /* SilentCircleTests.xctest */;
			productType = "com.apple.product-type.bundle.unit-test";
		};
		C2AB5FB12D2B1D10002AB6B5 /* SilentCircleUITests */ = {
			isa = PBXNativeTarget;
			buildConfigurationList = C2AB5FC22D2B1D10002AB6B5 /* Build configuration list for PBXNativeTarget "SilentCircleUITests" */;
			buildPhases = (
				C2AB5FAE2D2B1D10002AB6B5 /* Sources */,
				C2AB5FAF2D2B1D10002AB6B5 /* Frameworks */,
				C2AB5FB02D2B1D10002AB6B5 /* Resources */,
			);
			buildRules = (
			);
			dependencies = (
				C2AB5FB42D2B1D10002AB6B5 /* PBXTargetDependency */,
			);
			fileSystemSynchronizedGroups = (
				C2AB5FB52D2B1D10002AB6B5 /* SilentCircleUITests */,
			);
			name = SilentCircleUITests;
			packageProductDependencies = (
			);
			productName = SilentCircleUITests;
			productReference = C2AB5FB22D2B1D10002AB6B5 /* SilentCircleUITests.xctest */;
			productType = "com.apple.product-type.bundle.ui-testing";
		};
/* End PBXNativeTarget section */

/* Begin PBXProject section */
		C2AB5F8B2D2B1D0F002AB6B5 /* Project object */ = {
			isa = PBXProject;
			attributes = {
				BuildIndependentTargetsInParallel = 1;
				LastSwiftUpdateCheck = 1620;
				LastUpgradeCheck = 1620;
				TargetAttributes = {
					C2AB5F922D2B1D0F002AB6B5 = {
						CreatedOnToolsVersion = 16.2;
					};
					C2AB5FA72D2B1D10002AB6B5 = {
						CreatedOnToolsVersion = 16.2;
						TestTargetID = C2AB5F922D2B1D0F002AB6B5;
					};
					C2AB5FB12D2B1D10002AB6B5 = {
						CreatedOnToolsVersion = 16.2;
						TestTargetID = C2AB5F922D2B1D0F002AB6B5;
					};
				};
			};
			buildConfigurationList = C2AB5F8E2D2B1D0F002AB6B5 /* Build configuration list for PBXProject "SilentCircle" */;
			developmentRegion = en;
			hasScannedForEncodings = 0;
			knownRegions = (
				en,
				Base,
			);
			mainGroup = C2AB5F8A2D2B1D0F002AB6B5;
			minimizedProjectReferenceProxies = 1;
			preferredProjectObjectVersion = 77;
			productRefGroup = C2AB5F942D2B1D0F002AB6B5 /* Products */;
			projectDirPath = "";
			projectRoot = "";
			targets = (
				C2AB5F922D2B1D0F002AB6B5 /* SilentCircle */,
				C2AB5FA72D2B1D10002AB6B5 /* SilentCircleTests */,
				C2AB5FB12D2B1D10002AB6B5 /* SilentCircleUITests */,
			);
		};
/* End PBXProject section */

/* Begin PBXResourcesBuildPhase section */
		C2AB5F912D2B1D0F002AB6B5 /* Resources */ = {
			isa = PBXResourcesBuildPhase;
			buildActionMask = 2147483647;
			files = (
			);
			runOnlyForDeploymentPostprocessing = 0;
		};
		C2AB5FA62D2B1D10002AB6B5 /* Resources */ = {
			isa = PBXResourcesBuildPhase;
			buildActionMask = 2147483647;
			files = (
			);
			runOnlyForDeploymentPostprocessing = 0;
		};
		C2AB5FB02D2B1D10002AB6B5 /* Resources */ = {
			isa = PBXResourcesBuildPhase;
			buildActionMask = 2147483647;
			files = (
			);
			runOnlyForDeploymentPostprocessing = 0;
		};
/* End PBXResourcesBuildPhase section */

/* Begin PBXSourcesBuildPhase section */
		C2AB5F8F2D2B1D0F002AB6B5 /* Sources */ = {
			isa = PBXSourcesBuildPhase;
			buildActionMask = 2147483647;
			files = (
			);
			runOnlyForDeploymentPostprocessing = 0;
		};
		C2AB5FA42D2B1D10002AB6B5 /* Sources */ = {
			isa = PBXSourcesBuildPhase;
			buildActionMask = 2147483647;
			files = (
			);
			runOnlyForDeploymentPostprocessing = 0;
		};
		C2AB5FAE2D2B1D10002AB6B5 /* Sources */ = {
			isa = PBXSourcesBuildPhase;
			buildActionMask = 2147483647;
			files = (
			);
			runOnlyForDeploymentPostprocessing = 0;
		};
/* End PBXSourcesBuildPhase section */

/* Begin PBXTargetDependency section */
		C2AB5FAA2D2B1D10002AB6B5 /* PBXTargetDependency */ = {
			isa = PBXTargetDependency;
			target = C2AB5F922D2B1D0F002AB6B5 /* SilentCircle */;
			targetProxy = C2AB5FA92D2B1D10002AB6B5 /* PBXContainerItemProxy */;
		};
		C2AB5FB42D2B1D10002AB6B5 /* PBXTargetDependency */ = {
			isa = PBXTargetDependency;
			target = C2AB5F922D2B1D0F002AB6B5 /* SilentCircle */;
			targetProxy = C2AB5FB32D2B1D10002AB6B5 /* PBXContainerItemProxy */;
		};
/* End PBXTargetDependency section */

/* Begin XCBuildConfiguration section */
		C2AB5FBA2D2B1D10002AB6B5 /* Debug */ = {
			isa = XCBuildConfiguration;
			buildSettings = {
				ALWAYS_SEARCH_USER_PATHS = NO;
				ASSETCATALOG_COMPILER_GENERATE_SWIFT_ASSET_SYMBOL_EXTENSIONS = YES;
				CLANG_ANALYZER_NONNULL = YES;
				CLANG_ANALYZER_NUMBER_OBJECT_CONVERSION = YES_AGGRESSIVE;
				CLANG_CXX_LANGUAGE_STANDARD = "gnu++20";
				CLANG_ENABLE_MODULES = YES;
				CLANG_ENABLE_OBJC_ARC = YES;
				CLANG_ENABLE_OBJC_WEAK = YES;
				CLANG_WARN_BLOCK_CAPTURE_AUTORELEASING = YES;
				CLANG_WARN_BOOL_CONVERSION = YES;
				CLANG_WARN_COMMA = YES;
				CLANG_WARN_CONSTANT_CONVERSION = YES;
				CLANG_WARN_DEPRECATED_OBJC_IMPLEMENTATIONS = YES;
				CLANG_WARN_DIRECT_OBJC_ISA_USAGE = YES_ERROR;
				CLANG_WARN_DOCUMENTATION_COMMENTS = YES;
				CLANG_WARN_EMPTY_BODY = YES;
				CLANG_WARN_ENUM_CONVERSION = YES;
				CLANG_WARN_INFINITE_RECURSION = YES;
				CLANG_WARN_INT_CONVERSION = YES;
				CLANG_WARN_NON_LITERAL_NULL_CONVERSION = YES;
				CLANG_WARN_OBJC_IMPLICIT_RETAIN_SELF = YES;
				CLANG_WARN_OBJC_LITERAL_CONVERSION = YES;
				CLANG_WARN_OBJC_ROOT_CLASS = YES_ERROR;
				CLANG_WARN_QUOTED_INCLUDE_IN_FRAMEWORK_HEADER = YES;
				CLANG_WARN_RANGE_LOOP_ANALYSIS = YES;
				CLANG_WARN_STRICT_PROTOTYPES = YES;
				CLANG_WARN_SUSPICIOUS_MOVE = YES;
				CLANG_WARN_UNGUARDED_AVAILABILITY = YES_AGGRESSIVE;
				CLANG_WARN_UNREACHABLE_CODE = YES;
				CLANG_WARN__DUPLICATE_METHOD_MATCH = YES;
				COPY_PHASE_STRIP = NO;
				DEBUG_INFORMATION_FORMAT = dwarf;
				ENABLE_STRICT_OBJC_MSGSEND = YES;
				ENABLE_TESTABILITY = YES;
				ENABLE_USER_SCRIPT_SANDBOXING = YES;
				GCC_C_LANGUAGE_STANDARD = gnu17;
				GCC_DYNAMIC_NO_PIC = NO;
				GCC_NO_COMMON_BLOCKS = YES;
				GCC_OPTIMIZATION_LEVEL = 0;
				GCC_PREPROCESSOR_DEFINITIONS = (
					"DEBUG=1",
					"$(inherited)",
				);
				GCC_WARN_64_TO_32_BIT_CONVERSION = YES;
				GCC_WARN_ABOUT_RETURN_TYPE = YES_ERROR;
				GCC_WARN_UNDECLARED_SELECTOR = YES;
				GCC_WARN_UNINITIALIZED_AUTOS = YES_AGGRESSIVE;
				GCC_WARN_UNUSED_FUNCTION = YES;
				GCC_WARN_UNUSED_VARIABLE = YES;
				IPHONEOS_DEPLOYMENT_TARGET = 18.2;
				LOCALIZATION_PREFERS_STRING_CATALOGS = YES;
				MTL_ENABLE_DEBUG_INFO = INCLUDE_SOURCE;
				MTL_FAST_MATH = YES;
				ONLY_ACTIVE_ARCH = YES;
				SDKROOT = iphoneos;
				SWIFT_ACTIVE_COMPILATION_CONDITIONS = "DEBUG $(inherited)";
				SWIFT_OPTIMIZATION_LEVEL = "-Onone";
			};
			name = Debug;
		};
		C2AB5FBB2D2B1D10002AB6B5 /* Release */ = {
			isa = XCBuildConfiguration;
			buildSettings = {
				ALWAYS_SEARCH_USER_PATHS = NO;
				ASSETCATALOG_COMPILER_GENERATE_SWIFT_ASSET_SYMBOL_EXTENSIONS = YES;
				CLANG_ANALYZER_NONNULL = YES;
				CLANG_ANALYZER_NUMBER_OBJECT_CONVERSION = YES_AGGRESSIVE;
				CLANG_CXX_LANGUAGE_STANDARD = "gnu++20";
				CLANG_ENABLE_MODULES = YES;
				CLANG_ENABLE_OBJC_ARC = YES;
				CLANG_ENABLE_OBJC_WEAK = YES;
				CLANG_WARN_BLOCK_CAPTURE_AUTORELEASING = YES;
				CLANG_WARN_BOOL_CONVERSION = YES;
				CLANG_WARN_COMMA = YES;
				CLANG_WARN_CONSTANT_CONVERSION = YES;
				CLANG_WARN_DEPRECATED_OBJC_IMPLEMENTATIONS = YES;
				CLANG_WARN_DIRECT_OBJC_ISA_USAGE = YES_ERROR;
				CLANG_WARN_DOCUMENTATION_COMMENTS = YES;
				CLANG_WARN_EMPTY_BODY = YES;
				CLANG_WARN_ENUM_CONVERSION = YES;
				CLANG_WARN_INFINITE_RECURSION = YES;
				CLANG_WARN_INT_CONVERSION = YES;
				CLANG_WARN_NON_LITERAL_NULL_CONVERSION = YES;
				CLANG_WARN_OBJC_IMPLICIT_RETAIN_SELF = YES;
				CLANG_WARN_OBJC_LITERAL_CONVERSION = YES;
				CLANG_WARN_OBJC_ROOT_CLASS = YES_ERROR;
				CLANG_WARN_QUOTED_INCLUDE_IN_FRAMEWORK_HEADER = YES;
				CLANG_WARN_RANGE_LOOP_ANALYSIS = YES;
				CLANG_WARN_STRICT_PROTOTYPES = YES;
				CLANG_WARN_SUSPICIOUS_MOVE = YES;
				CLANG_WARN_UNGUARDED_AVAILABILITY = YES_AGGRESSIVE;
				CLANG_WARN_UNREACHABLE_CODE = YES;
				CLANG_WARN__DUPLICATE_METHOD_MATCH = YES;
				COPY_PHASE_STRIP = NO;
				DEBUG_INFORMATION_FORMAT = "dwarf-with-dsym";
				ENABLE_NS_ASSERTIONS = NO;
				ENABLE_STRICT_OBJC_MSGSEND = YES;
				ENABLE_USER_SCRIPT_SANDBOXING = YES;
				GCC_C_LANGUAGE_STANDARD = gnu17;
				GCC_NO_COMMON_BLOCKS = YES;
				GCC_WARN_64_TO_32_BIT_CONVERSION = YES;
				GCC_WARN_ABOUT_RETURN_TYPE = YES_ERROR;
				GCC_WARN_UNDECLARED_SELECTOR = YES;
				GCC_WARN_UNINITIALIZED_AUTOS = YES_AGGRESSIVE;
				GCC_WARN_UNUSED_FUNCTION = YES;
				GCC_WARN_UNUSED_VARIABLE = YES;
				IPHONEOS_DEPLOYMENT_TARGET = 18.2;
				LOCALIZATION_PREFERS_STRING_CATALOGS = YES;
				MTL_ENABLE_DEBUG_INFO = NO;
				MTL_FAST_MATH = YES;
				SDKROOT = iphoneos;
				SWIFT_COMPILATION_MODE = wholemodule;
				VALIDATE_PRODUCT = YES;
			};
			name = Release;
		};
		C2AB5FBD2D2B1D10002AB6B5 /* Debug */ = {
			isa = XCBuildConfiguration;
			buildSettings = {
				ASSETCATALOG_COMPILER_APPICON_NAME = AppIcon;
				ASSETCATALOG_COMPILER_GLOBAL_ACCENT_COLOR_NAME = AccentColor;
				CODE_SIGN_STYLE = Automatic;
				CURRENT_PROJECT_VERSION = 1;
				DEVELOPMENT_ASSET_PATHS = "\"SilentCircle/Preview Content\"";
				DEVELOPMENT_TEAM = 44PNL785M7;
				ENABLE_PREVIEWS = YES;
				GENERATE_INFOPLIST_FILE = YES;
				INFOPLIST_KEY_UIApplicationSceneManifest_Generation = YES;
				INFOPLIST_KEY_UIApplicationSupportsIndirectInputEvents = YES;
				INFOPLIST_KEY_UILaunchScreen_Generation = YES;
				INFOPLIST_KEY_UISupportedInterfaceOrientations_iPad = "UIInterfaceOrientationPortrait UIInterfaceOrientationPortraitUpsideDown UIInterfaceOrientationLandscapeLeft UIInterfaceOrientationLandscapeRight";
				INFOPLIST_KEY_UISupportedInterfaceOrientations_iPhone = "UIInterfaceOrientationPortrait UIInterfaceOrientationLandscapeLeft UIInterfaceOrientationLandscapeRight";
				IPHONEOS_DEPLOYMENT_TARGET = 17.6;
				LD_RUNPATH_SEARCH_PATHS = (
					"$(inherited)",
					"@executable_path/Frameworks",
				);
				MARKETING_VERSION = 1.0;
				PRODUCT_BUNDLE_IDENTIFIER = com.jorgelarumbe.SilentCircle;
				PRODUCT_NAME = "$(TARGET_NAME)";
				SWIFT_EMIT_LOC_STRINGS = YES;
				SWIFT_VERSION = 5.0;
				TARGETED_DEVICE_FAMILY = "1,2";
			};
			name = Debug;
		};
		C2AB5FBE2D2B1D10002AB6B5 /* Release */ = {
			isa = XCBuildConfiguration;
			buildSettings = {
				ASSETCATALOG_COMPILER_APPICON_NAME = AppIcon;
				ASSETCATALOG_COMPILER_GLOBAL_ACCENT_COLOR_NAME = AccentColor;
				CODE_SIGN_STYLE = Automatic;
				CURRENT_PROJECT_VERSION = 1;
				DEVELOPMENT_ASSET_PATHS = "\"SilentCircle/Preview Content\"";
				DEVELOPMENT_TEAM = 44PNL785M7;
				ENABLE_PREVIEWS = YES;
				GENERATE_INFOPLIST_FILE = YES;
				INFOPLIST_KEY_UIApplicationSceneManifest_Generation = YES;
				INFOPLIST_KEY_UIApplicationSupportsIndirectInputEvents = YES;
				INFOPLIST_KEY_UILaunchScreen_Generation = YES;
				INFOPLIST_KEY_UISupportedInterfaceOrientations_iPad = "UIInterfaceOrientationPortrait UIInterfaceOrientationPortraitUpsideDown UIInterfaceOrientationLandscapeLeft UIInterfaceOrientationLandscapeRight";
				INFOPLIST_KEY_UISupportedInterfaceOrientations_iPhone = "UIInterfaceOrientationPortrait UIInterfaceOrientationLandscapeLeft UIInterfaceOrientationLandscapeRight";
				IPHONEOS_DEPLOYMENT_TARGET = 17.6;
				LD_RUNPATH_SEARCH_PATHS = (
					"$(inherited)",
					"@executable_path/Frameworks",
				);
				MARKETING_VERSION = 1.0;
				PRODUCT_BUNDLE_IDENTIFIER = com.jorgelarumbe.SilentCircle;
				PRODUCT_NAME = "$(TARGET_NAME)";
				SWIFT_EMIT_LOC_STRINGS = YES;
				SWIFT_VERSION = 5.0;
				TARGETED_DEVICE_FAMILY = "1,2";
			};
			name = Release;
		};
		C2AB5FC02D2B1D10002AB6B5 /* Debug */ = {
			isa = XCBuildConfiguration;
			buildSettings = {
				BUNDLE_LOADER = "$(TEST_HOST)";
				CODE_SIGN_STYLE = Automatic;
				CURRENT_PROJECT_VERSION = 1;
				DEVELOPMENT_TEAM = 44PNL785M7;
				GENERATE_INFOPLIST_FILE = YES;
				IPHONEOS_DEPLOYMENT_TARGET = 18.2;
				MARKETING_VERSION = 1.0;
				PRODUCT_BUNDLE_IDENTIFIER = com.jorgelarumbe.SilentCircleTests;
				PRODUCT_NAME = "$(TARGET_NAME)";
				SWIFT_EMIT_LOC_STRINGS = NO;
				SWIFT_VERSION = 5.0;
				TARGETED_DEVICE_FAMILY = "1,2";
				TEST_HOST = "$(BUILT_PRODUCTS_DIR)/SilentCircle.app/$(BUNDLE_EXECUTABLE_FOLDER_PATH)/SilentCircle";
			};
			name = Debug;
		};
		C2AB5FC12D2B1D10002AB6B5 /* Release */ = {
			isa = XCBuildConfiguration;
			buildSettings = {
				BUNDLE_LOADER = "$(TEST_HOST)";
				CODE_SIGN_STYLE = Automatic;
				CURRENT_PROJECT_VERSION = 1;
				DEVELOPMENT_TEAM = 44PNL785M7;
				GENERATE_INFOPLIST_FILE = YES;
				IPHONEOS_DEPLOYMENT_TARGET = 18.2;
				MARKETING_VERSION = 1.0;
				PRODUCT_BUNDLE_IDENTIFIER = com.jorgelarumbe.SilentCircleTests;
				PRODUCT_NAME = "$(TARGET_NAME)";
				SWIFT_EMIT_LOC_STRINGS = NO;
				SWIFT_VERSION = 5.0;
				TARGETED_DEVICE_FAMILY = "1,2";
				TEST_HOST = "$(BUILT_PRODUCTS_DIR)/SilentCircle.app/$(BUNDLE_EXECUTABLE_FOLDER_PATH)/SilentCircle";
			};
			name = Release;
		};
		C2AB5FC32D2B1D10002AB6B5 /* Debug */ = {
			isa = XCBuildConfiguration;
			buildSettings = {
				CODE_SIGN_STYLE = Automatic;
				CURRENT_PROJECT_VERSION = 1;
				DEVELOPMENT_TEAM = 44PNL785M7;
				GENERATE_INFOPLIST_FILE = YES;
				MARKETING_VERSION = 1.0;
				PRODUCT_BUNDLE_IDENTIFIER = com.jorgelarumbe.SilentCircleUITests;
				PRODUCT_NAME = "$(TARGET_NAME)";
				SWIFT_EMIT_LOC_STRINGS = NO;
				SWIFT_VERSION = 5.0;
				TARGETED_DEVICE_FAMILY = "1,2";
				TEST_TARGET_NAME = SilentCircle;
			};
			name = Debug;
		};
		C2AB5FC42D2B1D10002AB6B5 /* Release */ = {
			isa = XCBuildConfiguration;
			buildSettings = {
				CODE_SIGN_STYLE = Automatic;
				CURRENT_PROJECT_VERSION = 1;
				DEVELOPMENT_TEAM = 44PNL785M7;
				GENERATE_INFOPLIST_FILE = YES;
				MARKETING_VERSION = 1.0;
				PRODUCT_BUNDLE_IDENTIFIER = com.jorgelarumbe.SilentCircleUITests;
				PRODUCT_NAME = "$(TARGET_NAME)";
				SWIFT_EMIT_LOC_STRINGS = NO;
				SWIFT_VERSION = 5.0;
				TARGETED_DEVICE_FAMILY = "1,2";
				TEST_TARGET_NAME = SilentCircle;
			};
			name = Release;
		};
/* End XCBuildConfiguration section */

/* Begin XCConfigurationList section */
		C2AB5F8E2D2B1D0F002AB6B5 /* Build configuration list for PBXProject "SilentCircle" */ = {
			isa = XCConfigurationList;
			buildConfigurations = (
				C2AB5FBA2D2B1D10002AB6B5 /* Debug */,
				C2AB5FBB2D2B1D10002AB6B5 /* Release */,
			);
			defaultConfigurationIsVisible = 0;
			defaultConfigurationName = Release;
		};
		C2AB5FBC2D2B1D10002AB6B5 /* Build configuration list for PBXNativeTarget "SilentCircle" */ = {
			isa = XCConfigurationList;
			buildConfigurations = (
				C2AB5FBD2D2B1D10002AB6B5 /* Debug */,
				C2AB5FBE2D2B1D10002AB6B5 /* Release */,
			);
			defaultConfigurationIsVisible = 0;
			defaultConfigurationName = Release;
		};
		C2AB5FBF2D2B1D10002AB6B5 /* Build configuration list for PBXNativeTarget "SilentCircleTests" */ = {
			isa = XCConfigurationList;
			buildConfigurations = (
				C2AB5FC02D2B1D10002AB6B5 /* Debug */,
				C2AB5FC12D2B1D10002AB6B5 /* Release */,
			);
			defaultConfigurationIsVisible = 0;
			defaultConfigurationName = Release;
		};
		C2AB5FC22D2B1D10002AB6B5 /* Build configuration list for PBXNativeTarget "SilentCircleUITests" */ = {
			isa = XCConfigurationList;
			buildConfigurations = (
				C2AB5FC32D2B1D10002AB6B5 /* Debug */,
				C2AB5FC42D2B1D10002AB6B5 /* Release */,
			);
			defaultConfigurationIsVisible = 0;
			defaultConfigurationName = Release;
		};
/* End XCConfigurationList section */
	};
	rootObject = C2AB5F8B2D2B1D0F002AB6B5 /* Project object */;
}
